
Microsoft Visual Studio Solution File, Format Version 12.00
# Visual Studio Version 17
VisualStudioVersion = 17.2.32630.192
MinimumVisualStudioVersion = 10.0.40219.1
Project("{9A19103F-16F7-4668-BE54-9A1E7A4F7556}") = "primaApplicazione", "primaApplicazione\primaApplicazione.csproj", "{F82BC58C-9470-493D-8267-ADA5A5D80AEE}"
EndProject
Project("{9A19103F-16F7-4668-BE54-9A1E7A4F7556}") = "secondaApplicazione", "secondaApplicazione\secondaApplicazione.csproj", "{7044DFFB-591C-420F-BD04-F5631AE07662}"
EndProject
Project("{9A19103F-16F7-4668-BE54-9A1E7A4F7556}") = "terzaApplicazione", "terzaApplicazione\terzaApplicazione.csproj", "{00C6E645-6AAB-4224-A010-14723F61CB89}"
EndProject
Project("{9A19103F-16F7-4668-BE54-9A1E7A4F7556}") = "DatiDaInternet", "DatiDaInternet\DatiDaInternet.csproj", "{B3A032B6-1741-48B7-A6E1-0E4AE5B1EF11}"
EndProject
Project("{9A19103F-16F7-4668-BE54-9A1E7A4F7556}") = "pesoForma", "pesoForma\pesoForma.csproj", "{6CED8865-0C4C-4FA6-A332-282E4812AE15}"
EndProject
Project("{9A19103F-16F7-4668-BE54-9A1E7A4F7556}") = "BMI", "BMI\BMI.csproj", "{7F084C45-6746-43B5-BABA-7C4E2D5E9312}"
EndProject
Project("{9A19103F-16F7-4668-BE54-9A1E7A4F7556}") = "chat", "chat\chat.csproj", "{460D43BA-B303-45F5-B0C0-071B5B95343A}"
EndProject
Project("{FAE04EC0-301F-11D3-BF4B-00C04F79EFBC}") = "Delectron", "Delectron\Delectron.csproj", "{ECEAE402-7ECD-4DCA-A70D-771E2ABF18FB}"
EndProject
Global
	GlobalSection(SolutionConfigurationPlatforms) = preSolution
		Debug|Any CPU = Debug|Any CPU
		Release|Any CPU = Release|Any CPU
	EndGlobalSection
	GlobalSection(ProjectConfigurationPlatforms) = postSolution
		{F82BC58C-9470-493D-8267-ADA5A5D80AEE}.Debug|Any CPU.ActiveCfg = Debug|Any CPU
		{F82BC58C-9470-493D-8267-ADA5A5D80AEE}.Debug|Any CPU.Build.0 = Debug|Any CPU
		{F82BC58C-9470-493D-8267-ADA5A5D80AEE}.Release|Any CPU.ActiveCfg = Release|Any CPU
		{F82BC58C-9470-493D-8267-ADA5A5D80AEE}.Release|Any CPU.Build.0 = Release|Any CPU
		{7044DFFB-591C-420F-BD04-F5631AE07662}.Debug|Any CPU.ActiveCfg = Debug|Any CPU
		{7044DFFB-591C-420F-BD04-F5631AE07662}.Debug|Any CPU.Build.0 = Debug|Any CPU
		{7044DFFB-591C-420F-BD04-F5631AE07662}.Release|Any CPU.ActiveCfg = Release|Any CPU
		{7044DFFB-591C-420F-BD04-F5631AE07662}.Release|Any CPU.Build.0 = Release|Any CPU
		{00C6E645-6AAB-4224-A010-14723F61CB89}.Debug|Any CPU.ActiveCfg = Debug|Any CPU
		{00C6E645-6AAB-4224-A010-14723F61CB89}.Debug|Any CPU.Build.0 = Debug|Any CPU
		{00C6E645-6AAB-4224-A010-14723F61CB89}.Release|Any CPU.ActiveCfg = Release|Any CPU
		{00C6E645-6AAB-4224-A010-14723F61CB89}.Release|Any CPU.Build.0 = Release|Any CPU
		{B3A032B6-1741-48B7-A6E1-0E4AE5B1EF11}.Debug|Any CPU.ActiveCfg = Debug|Any CPU
		{B3A032B6-1741-48B7-A6E1-0E4AE5B1EF11}.Debug|Any CPU.Build.0 = Debug|Any CPU
		{B3A032B6-1741-48B7-A6E1-0E4AE5B1EF11}.Release|Any CPU.ActiveCfg = Release|Any CPU
		{B3A032B6-1741-48B7-A6E1-0E4AE5B1EF11}.Release|Any CPU.Build.0 = Release|Any CPU
		{6CED8865-0C4C-4FA6-A332-282E4812AE15}.Debug|Any CPU.ActiveCfg = Debug|Any CPU
		{6CED8865-0C4C-4FA6-A332-282E4812AE15}.Debug|Any CPU.Build.0 = Debug|Any CPU
		{6CED8865-0C4C-4FA6-A332-282E4812AE15}.Release|Any CPU.ActiveCfg = Release|Any CPU
		{6CED8865-0C4C-4FA6-A332-282E4812AE15}.Release|Any CPU.Build.0 = Release|Any CPU
		{7F084C45-6746-43B5-BABA-7C4E2D5E9312}.Debug|Any CPU.ActiveCfg = Debug|Any CPU
		{7F084C45-6746-43B5-BABA-7C4E2D5E9312}.Debug|Any CPU.Build.0 = Debug|Any CPU
		{7F084C45-6746-43B5-BABA-7C4E2D5E9312}.Release|Any CPU.ActiveCfg = Release|Any CPU
		{7F084C45-6746-43B5-BABA-7C4E2D5E9312}.Release|Any CPU.Build.0 = Release|Any CPU
		{460D43BA-B303-45F5-B0C0-071B5B95343A}.Debug|Any CPU.ActiveCfg = Debug|Any CPU
		{460D43BA-B303-45F5-B0C0-071B5B95343A}.Debug|Any CPU.Build.0 = Debug|Any CPU
		{460D43BA-B303-45F5-B0C0-071B5B95343A}.Release|Any CPU.ActiveCfg = Release|Any CPU
		{460D43BA-B303-45F5-B0C0-071B5B95343A}.Release|Any CPU.Build.0 = Release|Any CPU
		{ECEAE402-7ECD-4DCA-A70D-771E2ABF18FB}.Debug|Any CPU.ActiveCfg = Debug|Any CPU
		{ECEAE402-7ECD-4DCA-A70D-771E2ABF18FB}.Debug|Any CPU.Build.0 = Debug|Any CPU
		{ECEAE402-7ECD-4DCA-A70D-771E2ABF18FB}.Release|Any CPU.ActiveCfg = Release|Any CPU
		{ECEAE402-7ECD-4DCA-A70D-771E2ABF18FB}.Release|Any CPU.Build.0 = Release|Any CPU
	EndGlobalSection
	GlobalSection(SolutionProperties) = preSolution
		HideSolutionNode = FALSE
	EndGlobalSection
	GlobalSection(ExtensibilityGlobals) = postSolution
		SolutionGuid = {D257F87F-2FEB-4C47-8810-493AE3C8B435}
	EndGlobalSection
EndGlobal
